// !$*UTF8*$!
{
	archiveVersion = 1;
	classes = {
	};
	objectVersion = 50;
	objects = {

/* Begin PBXBuildFile section */
		182AA61C2729658F000F1C68 /* AppDelegate.swift in Sources */ = {isa = PBXBuildFile; fileRef = 182AA61B2729658F000F1C68 /* AppDelegate.swift */; };
		182AA61E2729658F000F1C68 /* SceneDelegate.swift in Sources */ = {isa = PBXBuildFile; fileRef = 182AA61D2729658F000F1C68 /* SceneDelegate.swift */; };
		182AA62827296590000F1C68 /* LaunchScreen.storyboard in Resources */ = {isa = PBXBuildFile; fileRef = 182AA62627296590000F1C68 /* LaunchScreen.storyboard */; };
		182AA631272965B3000F1C68 /* MainViewController.swift in Sources */ = {isa = PBXBuildFile; fileRef = 182AA62F272965B3000F1C68 /* MainViewController.swift */; };
		182AA632272965B3000F1C68 /* MainViewController.xib in Resources */ = {isa = PBXBuildFile; fileRef = 182AA630272965B3000F1C68 /* MainViewController.xib */; };
		182AA63427296CAA000F1C68 /* Utilities.swift in Sources */ = {isa = PBXBuildFile; fileRef = 182AA63327296CAA000F1C68 /* Utilities.swift */; };
		182AA63C27296F77000F1C68 /* TableViewCell.swift in Sources */ = {isa = PBXBuildFile; fileRef = 182AA63A27296F77000F1C68 /* TableViewCell.swift */; };
		182AA63D27296F77000F1C68 /* TableViewCell.xib in Resources */ = {isa = PBXBuildFile; fileRef = 182AA63B27296F77000F1C68 /* TableViewCell.xib */; };
		182AA64027298B3C000F1C68 /* ProjectList.swift in Sources */ = {isa = PBXBuildFile; fileRef = 182AA63F27298B3C000F1C68 /* ProjectList.swift */; };
		182AA64327299EC7000F1C68 /* DetailsViewController.swift in Sources */ = {isa = PBXBuildFile; fileRef = 182AA64127299EC7000F1C68 /* DetailsViewController.swift */; };
		182AA64427299EC7000F1C68 /* DetailsViewController.xib in Resources */ = {isa = PBXBuildFile; fileRef = 182AA64227299EC7000F1C68 /* DetailsViewController.xib */; };
		182AA64627299FC6000F1C68 /* Assets.xcassets in Resources */ = {isa = PBXBuildFile; fileRef = 182AA64527299FC6000F1C68 /* Assets.xcassets */; };
		182AA6482729A348000F1C68 /* ProjectDetails.swift in Sources */ = {isa = PBXBuildFile; fileRef = 182AA6472729A348000F1C68 /* ProjectDetails.swift */; };
		1887E5AE272A977A0097DB95 /* PhotoView.swift in Sources */ = {isa = PBXBuildFile; fileRef = 1887E5AD272A97790097DB95 /* PhotoView.swift */; };
		18B1A39A272C016F00835657 /* mockupData.swift in Sources */ = {isa = PBXBuildFile; fileRef = 18B1A399272C016F00835657 /* mockupData.swift */; };
/* End PBXBuildFile section */

/* Begin PBXFileReference section */
		182AA6182729658F000F1C68 /* ProjectList.app */ = {isa = PBXFileReference; explicitFileType = wrapper.application; includeInIndex = 0; path = ProjectList.app; sourceTree = BUILT_PRODUCTS_DIR; };
		182AA61B2729658F000F1C68 /* AppDelegate.swift */ = {isa = PBXFileReference; lastKnownFileType = sourcecode.swift; path = AppDelegate.swift; sourceTree = "<group>"; };
		182AA61D2729658F000F1C68 /* SceneDelegate.swift */ = {isa = PBXFileReference; lastKnownFileType = sourcecode.swift; path = SceneDelegate.swift; sourceTree = "<group>"; };
		182AA62727296590000F1C68 /* Base */ = {isa = PBXFileReference; lastKnownFileType = file.storyboard; name = Base; path = Base.lproj/LaunchScreen.storyboard; sourceTree = "<group>"; };
		182AA62927296590000F1C68 /* Info.plist */ = {isa = PBXFileReference; lastKnownFileType = text.plist.xml; path = Info.plist; sourceTree = "<group>"; };
		182AA62F272965B3000F1C68 /* MainViewController.swift */ = {isa = PBXFileReference; lastKnownFileType = sourcecode.swift; path = MainViewController.swift; sourceTree = "<group>"; };
		182AA630272965B3000F1C68 /* MainViewController.xib */ = {isa = PBXFileReference; lastKnownFileType = file.xib; path = MainViewController.xib; sourceTree = "<group>"; };
		182AA63327296CAA000F1C68 /* Utilities.swift */ = {isa = PBXFileReference; fileEncoding = 4; lastKnownFileType = sourcecode.swift; path = Utilities.swift; sourceTree = "<group>"; };
		182AA63A27296F77000F1C68 /* TableViewCell.swift */ = {isa = PBXFileReference; lastKnownFileType = sourcecode.swift; path = TableViewCell.swift; sourceTree = "<group>"; };
		182AA63B27296F77000F1C68 /* TableViewCell.xib */ = {isa = PBXFileReference; lastKnownFileType = file.xib; path = TableViewCell.xib; sourceTree = "<group>"; };
		182AA63F27298B3C000F1C68 /* ProjectList.swift */ = {isa = PBXFileReference; lastKnownFileType = sourcecode.swift; path = ProjectList.swift; sourceTree = "<group>"; };
		182AA64127299EC7000F1C68 /* DetailsViewController.swift */ = {isa = PBXFileReference; lastKnownFileType = sourcecode.swift; path = DetailsViewController.swift; sourceTree = "<group>"; };
		182AA64227299EC7000F1C68 /* DetailsViewController.xib */ = {isa = PBXFileReference; lastKnownFileType = file.xib; path = DetailsViewController.xib; sourceTree = "<group>"; };
		182AA64527299FC6000F1C68 /* Assets.xcassets */ = {isa = PBXFileReference; lastKnownFileType = folder.assetcatalog; path = Assets.xcassets; sourceTree = "<group>"; };
		182AA6472729A348000F1C68 /* ProjectDetails.swift */ = {isa = PBXFileReference; lastKnownFileType = sourcecode.swift; path = ProjectDetails.swift; sourceTree = "<group>"; };
		1887E5AD272A97790097DB95 /* PhotoView.swift */ = {isa = PBXFileReference; lastKnownFileType = sourcecode.swift; path = PhotoView.swift; sourceTree = "<group>"; };
		18B1A399272C016F00835657 /* mockupData.swift */ = {isa = PBXFileReference; lastKnownFileType = sourcecode.swift; path = mockupData.swift; sourceTree = "<group>"; };
/* End PBXFileReference section */

/* Begin PBXFrameworksBuildPhase section */
		182AA6152729658F000F1C68 /* Frameworks */ = {
			isa = PBXFrameworksBuildPhase;
			buildActionMask = 2147483647;
			files = (
			);
			runOnlyForDeploymentPostprocessing = 0;
		};
/* End PBXFrameworksBuildPhase section */

/* Begin PBXGroup section */
		182AA60F2729658F000F1C68 = {
			isa = PBXGroup;
			children = (
				182AA61A2729658F000F1C68 /* ProjectList */,
				182AA6192729658F000F1C68 /* Products */,
			);
			sourceTree = "<group>";
		};
		182AA6192729658F000F1C68 /* Products */ = {
			isa = PBXGroup;
			children = (
				182AA6182729658F000F1C68 /* ProjectList.app */,
			);
			name = Products;
			sourceTree = "<group>";
		};
		182AA61A2729658F000F1C68 /* ProjectList */ = {
			isa = PBXGroup;
			children = (
				182AA63E27298B0E000F1C68 /* Models */,
				182AA63927296F54000F1C68 /* Cells */,
				1887E5B0272A987E0097DB95 /* Views */,
				182AA6492729D03C000F1C68 /* Controllers */,
				182AA63727296F3E000F1C68 /* Helpers */,
				182AA61B2729658F000F1C68 /* AppDelegate.swift */,
				182AA61D2729658F000F1C68 /* SceneDelegate.swift */,
				182AA64527299FC6000F1C68 /* Assets.xcassets */,
				182AA62627296590000F1C68 /* LaunchScreen.storyboard */,
				182AA62927296590000F1C68 /* Info.plist */,
			);
			path = ProjectList;
			sourceTree = "<group>";
		};
		182AA63727296F3E000F1C68 /* Helpers */ = {
			isa = PBXGroup;
			children = (
				182AA63327296CAA000F1C68 /* Utilities.swift */,
			);
			path = Helpers;
			sourceTree = "<group>";
		};
		182AA63927296F54000F1C68 /* Cells */ = {
			isa = PBXGroup;
			children = (
				182AA63A27296F77000F1C68 /* TableViewCell.swift */,
				182AA63B27296F77000F1C68 /* TableViewCell.xib */,
			);
			path = Cells;
			sourceTree = "<group>";
		};
		182AA63E27298B0E000F1C68 /* Models */ = {
			isa = PBXGroup;
			children = (
				18B1A399272C016F00835657 /* mockupData.swift */,
				182AA63F27298B3C000F1C68 /* ProjectList.swift */,
				182AA6472729A348000F1C68 /* ProjectDetails.swift */,
			);
			path = Models;
			sourceTree = "<group>";
		};
		182AA6492729D03C000F1C68 /* Controllers */ = {
			isa = PBXGroup;
			children = (
				182AA62F272965B3000F1C68 /* MainViewController.swift */,
				182AA630272965B3000F1C68 /* MainViewController.xib */,
				182AA64127299EC7000F1C68 /* DetailsViewController.swift */,
				182AA64227299EC7000F1C68 /* DetailsViewController.xib */,
			);
			path = Controllers;
			sourceTree = "<group>";
		};
		1887E5B0272A987E0097DB95 /* Views */ = {
			isa = PBXGroup;
			children = (
				1887E5AD272A97790097DB95 /* PhotoView.swift */,
			);
			path = Views;
			sourceTree = "<group>";
		};
/* End PBXGroup section */

/* Begin PBXNativeTarget section */
		182AA6172729658F000F1C68 /* ProjectList */ = {
			isa = PBXNativeTarget;
			buildConfigurationList = 182AA62C27296590000F1C68 /* Build configuration list for PBXNativeTarget "ProjectList" */;
			buildPhases = (
				182AA6142729658F000F1C68 /* Sources */,
				182AA6152729658F000F1C68 /* Frameworks */,
				182AA6162729658F000F1C68 /* Resources */,
			);
			buildRules = (
			);
			dependencies = (
			);
			name = ProjectList;
			productName = ProjectList;
			productReference = 182AA6182729658F000F1C68 /* ProjectList.app */;
			productType = "com.apple.product-type.application";
		};
/* End PBXNativeTarget section */

/* Begin PBXProject section */
		182AA6102729658F000F1C68 /* Project object */ = {
			isa = PBXProject;
			attributes = {
				LastSwiftUpdateCheck = 1250;
				LastUpgradeCheck = 1250;
				TargetAttributes = {
					182AA6172729658F000F1C68 = {
						CreatedOnToolsVersion = 12.5;
					};
				};
			};
			buildConfigurationList = 182AA6132729658F000F1C68 /* Build configuration list for PBXProject "ProjectList" */;
			compatibilityVersion = "Xcode 9.3";
			developmentRegion = en;
			hasScannedForEncodings = 0;
			knownRegions = (
				en,
				Base,
			);
			mainGroup = 182AA60F2729658F000F1C68;
			productRefGroup = 182AA6192729658F000F1C68 /* Products */;
			projectDirPath = "";
			projectRoot = "";
			targets = (
				182AA6172729658F000F1C68 /* ProjectList */,
			);
		};
/* End PBXProject section */

/* Begin PBXResourcesBuildPhase section */
		182AA6162729658F000F1C68 /* Resources */ = {
			isa = PBXResourcesBuildPhase;
			buildActionMask = 2147483647;
			files = (
				182AA62827296590000F1C68 /* LaunchScreen.storyboard in Resources */,
				182AA63D27296F77000F1C68 /* TableViewCell.xib in Resources */,
				182AA64427299EC7000F1C68 /* DetailsViewController.xib in Resources */,
				182AA632272965B3000F1C68 /* MainViewController.xib in Resources */,
				182AA64627299FC6000F1C68 /* Assets.xcassets in Resources */,
			);
			runOnlyForDeploymentPostprocessing = 0;
		};
/* End PBXResourcesBuildPhase section */

/* Begin PBXSourcesBuildPhase section */
		182AA6142729658F000F1C68 /* Sources */ = {
			isa = PBXSourcesBuildPhase;
			buildActionMask = 2147483647;
			files = (
				182AA61C2729658F000F1C68 /* AppDelegate.swift in Sources */,
				182AA61E2729658F000F1C68 /* SceneDelegate.swift in Sources */,
				182AA63C27296F77000F1C68 /* TableViewCell.swift in Sources */,
				1887E5AE272A977A0097DB95 /* PhotoView.swift in Sources */,
				182AA63427296CAA000F1C68 /* Utilities.swift in Sources */,
				182AA6482729A348000F1C68 /* ProjectDetails.swift in Sources */,
				182AA64327299EC7000F1C68 /* DetailsViewController.swift in Sources */,
				182AA631272965B3000F1C68 /* MainViewController.swift in Sources */,
				18B1A39A272C016F00835657 /* mockupData.swift in Sources */,
				182AA64027298B3C000F1C68 /* ProjectList.swift in Sources */,
			);
			runOnlyForDeploymentPostprocessing = 0;
		};
/* End PBXSourcesBuildPhase section */

/* Begin PBXVariantGroup section */
		182AA62627296590000F1C68 /* LaunchScreen.storyboard */ = {
			isa = PBXVariantGroup;
			children = (
				182AA62727296590000F1C68 /* Base */,
			);
			name = LaunchScreen.storyboard;
			sourceTree = "<group>";
		};
/* End PBXVariantGroup section */

/* Begin XCBuildConfiguration section */
		182AA62A27296590000F1C68 /* Debug */ = {
			isa = XCBuildConfiguration;
			buildSettings = {
				ALWAYS_SEARCH_USER_PATHS = NO;
				CLANG_ANALYZER_NONNULL = YES;
				CLANG_ANALYZER_NUMBER_OBJECT_CONVERSION = YES_AGGRESSIVE;
				CLANG_CXX_LANGUAGE_STANDARD = "gnu++14";
				CLANG_CXX_LIBRARY = "libc++";
				CLANG_ENABLE_MODULES = YES;
				CLANG_ENABLE_OBJC_ARC = YES;
				CLANG_ENABLE_OBJC_WEAK = YES;
				CLANG_WARN_BLOCK_CAPTURE_AUTORELEASING = YES;
				CLANG_WARN_BOOL_CONVERSION = YES;
				CLANG_WARN_COMMA = YES;
				CLANG_WARN_CONSTANT_CONVERSION = YES;
				CLANG_WARN_DEPRECATED_OBJC_IMPLEMENTATIONS = YES;
				CLANG_WARN_DIRECT_OBJC_ISA_USAGE = YES_ERROR;
				CLANG_WARN_DOCUMENTATION_COMMENTS = YES;
				CLANG_WARN_EMPTY_BODY = YES;
				CLANG_WARN_ENUM_CONVERSION = YES;
				CLANG_WARN_INFINITE_RECURSION = YES;
				CLANG_WARN_INT_CONVERSION = YES;
				CLANG_WARN_NON_LITERAL_NULL_CONVERSION = YES;
				CLANG_WARN_OBJC_IMPLICIT_RETAIN_SELF = YES;
				CLANG_WARN_OBJC_LITERAL_CONVERSION = YES;
				CLANG_WARN_OBJC_ROOT_CLASS = YES_ERROR;
				CLANG_WARN_QUOTED_INCLUDE_IN_FRAMEWORK_HEADER = YES;
				CLANG_WARN_RANGE_LOOP_ANALYSIS = YES;
				CLANG_WARN_STRICT_PROTOTYPES = YES;
				CLANG_WARN_SUSPICIOUS_MOVE = YES;
				CLANG_WARN_UNGUARDED_AVAILABILITY = YES_AGGRESSIVE;
				CLANG_WARN_UNREACHABLE_CODE = YES;
				CLANG_WARN__DUPLICATE_METHOD_MATCH = YES;
				COPY_PHASE_STRIP = NO;
				DEBUG_INFORMATION_FORMAT = dwarf;
				ENABLE_STRICT_OBJC_MSGSEND = YES;
				ENABLE_TESTABILITY = YES;
				GCC_C_LANGUAGE_STANDARD = gnu11;
				GCC_DYNAMIC_NO_PIC = NO;
				GCC_NO_COMMON_BLOCKS = YES;
				GCC_OPTIMIZATION_LEVEL = 0;
				GCC_PREPROCESSOR_DEFINITIONS = (
					"DEBUG=1",
					"$(inherited)",
				);
				GCC_WARN_64_TO_32_BIT_CONVERSION = YES;
				GCC_WARN_ABOUT_RETURN_TYPE = YES_ERROR;
				GCC_WARN_UNDECLARED_SELECTOR = YES;
				GCC_WARN_UNINITIALIZED_AUTOS = YES_AGGRESSIVE;
				GCC_WARN_UNUSED_FUNCTION = YES;
				GCC_WARN_UNUSED_VARIABLE = YES;
				IPHONEOS_DEPLOYMENT_TARGET = 14.5;
				MTL_ENABLE_DEBUG_INFO = INCLUDE_SOURCE;
				MTL_FAST_MATH = YES;
				ONLY_ACTIVE_ARCH = YES;
				SDKROOT = iphoneos;
				SWIFT_ACTIVE_COMPILATION_CONDITIONS = DEBUG;
				SWIFT_OPTIMIZATION_LEVEL = "-Onone";
			};
			name = Debug;
		};
		182AA62B27296590000F1C68 /* Release */ = {
			isa = XCBuildConfiguration;
			buildSettings = {
				ALWAYS_SEARCH_USER_PATHS = NO;
				CLANG_ANALYZER_NONNULL = YES;
				CLANG_ANALYZER_NUMBER_OBJECT_CONVERSION = YES_AGGRESSIVE;
				CLANG_CXX_LANGUAGE_STANDARD = "gnu++14";
				CLANG_CXX_LIBRARY = "libc++";
				CLANG_ENABLE_MODULES = YES;
				CLANG_ENABLE_OBJC_ARC = YES;
				CLANG_ENABLE_OBJC_WEAK = YES;
				CLANG_WARN_BLOCK_CAPTURE_AUTORELEASING = YES;
				CLANG_WARN_BOOL_CONVERSION = YES;
				CLANG_WARN_COMMA = YES;
				CLANG_WARN_CONSTANT_CONVERSION = YES;
				CLANG_WARN_DEPRECATED_OBJC_IMPLEMENTATIONS = YES;
				CLANG_WARN_DIRECT_OBJC_ISA_USAGE = YES_ERROR;
				CLANG_WARN_DOCUMENTATION_COMMENTS = YES;
				CLANG_WARN_EMPTY_BODY = YES;
				CLANG_WARN_ENUM_CONVERSION = YES;
				CLANG_WARN_INFINITE_RECURSION = YES;
				CLANG_WARN_INT_CONVERSION = YES;
				CLANG_WARN_NON_LITERAL_NULL_CONVERSION = YES;
				CLANG_WARN_OBJC_IMPLICIT_RETAIN_SELF = YES;
				CLANG_WARN_OBJC_LITERAL_CONVERSION = YES;
				CLANG_WARN_OBJC_ROOT_CLASS = YES_ERROR;
				CLANG_WARN_QUOTED_INCLUDE_IN_FRAMEWORK_HEADER = YES;
				CLANG_WARN_RANGE_LOOP_ANALYSIS = YES;
				CLANG_WARN_STRICT_PROTOTYPES = YES;
				CLANG_WARN_SUSPICIOUS_MOVE = YES;
				CLANG_WARN_UNGUARDED_AVAILABILITY = YES_AGGRESSIVE;
				CLANG_WARN_UNREACHABLE_CODE = YES;
				CLANG_WARN__DUPLICATE_METHOD_MATCH = YES;
				COPY_PHASE_STRIP = NO;
				DEBUG_INFORMATION_FORMAT = "dwarf-with-dsym";
				ENABLE_NS_ASSERTIONS = NO;
				ENABLE_STRICT_OBJC_MSGSEND = YES;
				GCC_C_LANGUAGE_STANDARD = gnu11;
				GCC_NO_COMMON_BLOCKS = YES;
				GCC_WARN_64_TO_32_BIT_CONVERSION = YES;
				GCC_WARN_ABOUT_RETURN_TYPE = YES_ERROR;
				GCC_WARN_UNDECLARED_SELECTOR = YES;
				GCC_WARN_UNINITIALIZED_AUTOS = YES_AGGRESSIVE;
				GCC_WARN_UNUSED_FUNCTION = YES;
				GCC_WARN_UNUSED_VARIABLE = YES;
				IPHONEOS_DEPLOYMENT_TARGET = 14.5;
				MTL_ENABLE_DEBUG_INFO = NO;
				MTL_FAST_MATH = YES;
				SDKROOT = iphoneos;
				SWIFT_COMPILATION_MODE = wholemodule;
				SWIFT_OPTIMIZATION_LEVEL = "-O";
				VALIDATE_PRODUCT = YES;
			};
			name = Release;
		};
		182AA62D27296590000F1C68 /* Debug */ = {
			isa = XCBuildConfiguration;
			buildSettings = {
				ASSETCATALOG_COMPILER_APPICON_NAME = AppIcon;
				ASSETCATALOG_COMPILER_GLOBAL_ACCENT_COLOR_NAME = AccentColor;
				CODE_SIGN_STYLE = Automatic;
				INFOPLIST_FILE = ProjectList/Info.plist;
				LD_RUNPATH_SEARCH_PATHS = (
					"$(inherited)",
					"@executable_path/Frameworks",
				);
				PRODUCT_BUNDLE_IDENTIFIER = Quynh.ProjectList;
				PRODUCT_NAME = "$(TARGET_NAME)";
				SWIFT_VERSION = 5.0;
				TARGETED_DEVICE_FAMILY = "1,2";
			};
			name = Debug;
		};
		182AA62E27296590000F1C68 /* Release */ = {
			isa = XCBuildConfiguration;
			buildSettings = {
				ASSETCATALOG_COMPILER_APPICON_NAME = AppIcon;
				ASSETCATALOG_COMPILER_GLOBAL_ACCENT_COLOR_NAME = AccentColor;
				CODE_SIGN_STYLE = Automatic;
				INFOPLIST_FILE = ProjectList/Info.plist;
				LD_RUNPATH_SEARCH_PATHS = (
					"$(inherited)",
					"@executable_path/Frameworks",
				);
				PRODUCT_BUNDLE_IDENTIFIER = Quynh.ProjectList;
				PRODUCT_NAME = "$(TARGET_NAME)";
				SWIFT_VERSION = 5.0;
				TARGETED_DEVICE_FAMILY = "1,2";
			};
			name = Release;
		};
/* End XCBuildConfiguration section */

/* Begin XCConfigurationList section */
		182AA6132729658F000F1C68 /* Build configuration list for PBXProject "ProjectList" */ = {
			isa = XCConfigurationList;
			buildConfigurations = (
				182AA62A27296590000F1C68 /* Debug */,
				182AA62B27296590000F1C68 /* Release */,
			);
			defaultConfigurationIsVisible = 0;
			defaultConfigurationName = Release;
		};
		182AA62C27296590000F1C68 /* Build configuration list for PBXNativeTarget "ProjectList" */ = {
			isa = XCConfigurationList;
			buildConfigurations = (
				182AA62D27296590000F1C68 /* Debug */,
				182AA62E27296590000F1C68 /* Release */,
			);
			defaultConfigurationIsVisible = 0;
			defaultConfigurationName = Release;
		};
/* End XCConfigurationList section */
	};
	rootObject = 182AA6102729658F000F1C68 /* Project object */;
}
